// !$*UTF8*$!
{
	archiveVersion = 1;
	classes = {
	};
	objectVersion = 46;
	objects = {

/* Begin PBXBuildFile section */
		DC0461A21DF6E9D30051C37E /* main.cpp in Sources */ = {isa = PBXBuildFile; fileRef = DC0461A11DF6E9D30051C37E /* main.cpp */; };
		DC0461AE1DF6EBA20051C37E /* main.cpp in Sources */ = {isa = PBXBuildFile; fileRef = DC0461AD1DF6EBA20051C37E /* main.cpp */; };
		DC0461C41DF6EBF20051C37E /* main.cpp in Sources */ = {isa = PBXBuildFile; fileRef = DC0461C31DF6EBF20051C37E /* main.cpp */; };
		DC0461CA1DF6EC990051C37E /* MatrGenOptions.cpp in Sources */ = {isa = PBXBuildFile; fileRef = DC0461C81DF6EC990051C37E /* MatrGenOptions.cpp */; };
		DC0461DA1DF6ECC30051C37E /* FileLoaders.cpp in Sources */ = {isa = PBXBuildFile; fileRef = DC0461D41DF6ECC30051C37E /* FileLoaders.cpp */; };
		DC0461DC1DF6ECC30051C37E /* QMeasOptions.cpp in Sources */ = {isa = PBXBuildFile; fileRef = DC0461D81DF6ECC30051C37E /* QMeasOptions.cpp */; };
		DC0461E21DF6ED200051C37E /* N44Matrix.cpp in Sources */ = {isa = PBXBuildFile; fileRef = DC0461DF1DF6ED200051C37E /* N44Matrix.cpp */; };
		DC0461E31DF6ED200051C37E /* N44Matrix.cpp in Sources */ = {isa = PBXBuildFile; fileRef = DC0461DF1DF6ED200051C37E /* N44Matrix.cpp */; };
		DC0461E41DF6ED200051C37E /* N44Matrix.cpp in Sources */ = {isa = PBXBuildFile; fileRef = DC0461DF1DF6ED200051C37E /* N44Matrix.cpp */; };
		DC0461E51DF6ED200051C37E /* N44Matrix.cpp in Sources */ = {isa = PBXBuildFile; fileRef = DC0461DF1DF6ED200051C37E /* N44Matrix.cpp */; };
		DC0461ED1DF6EECE0051C37E /* main.cpp in Sources */ = {isa = PBXBuildFile; fileRef = DC0461EC1DF6EECE0051C37E /* main.cpp */; };
		DC0461F31DF6EEFA0051C37E /* N44MatrixTests.cpp in Sources */ = {isa = PBXBuildFile; fileRef = DC0461F11DF6EEFA0051C37E /* N44MatrixTests.cpp */; };
		DC0461F41DF87E3B0051C37E /* N44Matrix.cpp in Sources */ = {isa = PBXBuildFile; fileRef = DC0461DF1DF6ED200051C37E /* N44Matrix.cpp */; };
		DC14042C1E02F31D002F9125 /* main.cpp in Sources */ = {isa = PBXBuildFile; fileRef = DC14042B1E02F31D002F9125 /* main.cpp */; };
		DC1404421E02F440002F9125 /* SeqGenOptions.cpp in Sources */ = {isa = PBXBuildFile; fileRef = DC1404401E02F440002F9125 /* SeqGenOptions.cpp */; };
		DC1404451E0308B6002F9125 /* ProbMatrixLoader.cpp in Sources */ = {isa = PBXBuildFile; fileRef = DC1404431E0308B6002F9125 /* ProbMatrixLoader.cpp */; };
		DC14044C1E031451002F9125 /* Fasta.cpp in Sources */ = {isa = PBXBuildFile; fileRef = DC1404491E030F9F002F9125 /* Fasta.cpp */; };
		DC14044D1E031466002F9125 /* Fasta.cpp in Sources */ = {isa = PBXBuildFile; fileRef = DC1404491E030F9F002F9125 /* Fasta.cpp */; };
		DCABE2271E2E141A00A121ED /* main.cpp in Sources */ = {isa = PBXBuildFile; fileRef = DCABE2261E2E141A00A121ED /* main.cpp */; };
		DCABE2461E2FABEB00A121ED /* SamToMapOptions.cpp in Sources */ = {isa = PBXBuildFile; fileRef = DCABE2441E2FABEB00A121ED /* SamToMapOptions.cpp */; };
		DCF180091DFE224800818057 /* DnaGenOptions.cpp in Sources */ = {isa = PBXBuildFile; fileRef = DCF180081DFE224800818057 /* DnaGenOptions.cpp */; };
		E9E0C9D91E0C06BA0078C7D8 /* Measuring.cpp in Sources */ = {isa = PBXBuildFile; fileRef = E9E0C9D71E0C06BA0078C7D8 /* Measuring.cpp */; };
/* End PBXBuildFile section */

/* Begin PBXCopyFilesBuildPhase section */
		DC04619D1DF6E9D30051C37E /* CopyFiles */ = {
			isa = PBXCopyFilesBuildPhase;
			buildActionMask = 2147483647;
			dstPath = /usr/share/man/man1/;
			dstSubfolderSpec = 0;
			files = (
			);
			runOnlyForDeploymentPostprocessing = 1;
		};
		DC0461A91DF6EBA20051C37E /* CopyFiles */ = {
			isa = PBXCopyFilesBuildPhase;
			buildActionMask = 2147483647;
			dstPath = /usr/share/man/man1/;
			dstSubfolderSpec = 0;
			files = (
			);
			runOnlyForDeploymentPostprocessing = 1;
		};
		DC0461B41DF6EBC70051C37E /* CopyFiles */ = {
			isa = PBXCopyFilesBuildPhase;
			buildActionMask = 2147483647;
			dstPath = /usr/share/man/man1/;
			dstSubfolderSpec = 0;
			files = (
			);
			runOnlyForDeploymentPostprocessing = 1;
		};
		DC0461BF1DF6EBF20051C37E /* CopyFiles */ = {
			isa = PBXCopyFilesBuildPhase;
			buildActionMask = 2147483647;
			dstPath = /usr/share/man/man1/;
			dstSubfolderSpec = 0;
			files = (
			);
			runOnlyForDeploymentPostprocessing = 1;
		};
		DC0461E81DF6EECE0051C37E /* CopyFiles */ = {
			isa = PBXCopyFilesBuildPhase;
			buildActionMask = 2147483647;
			dstPath = /usr/share/man/man1/;
			dstSubfolderSpec = 0;
			files = (
			);
			runOnlyForDeploymentPostprocessing = 1;
		};
		DCABE2221E2E141A00A121ED /* CopyFiles */ = {
			isa = PBXCopyFilesBuildPhase;
			buildActionMask = 2147483647;
			dstPath = /usr/share/man/man1/;
			dstSubfolderSpec = 0;
			files = (
			);
			runOnlyForDeploymentPostprocessing = 1;
		};
/* End PBXCopyFilesBuildPhase section */

/* Begin PBXFileReference section */
		DC04619F1DF6E9D30051C37E /* genome_generator */ = {isa = PBXFileReference; explicitFileType = "compiled.mach-o.executable"; includeInIndex = 0; path = genome_generator; sourceTree = BUILT_PRODUCTS_DIR; };
		DC0461A11DF6E9D30051C37E /* main.cpp */ = {isa = PBXFileReference; lastKnownFileType = sourcecode.cpp.cpp; path = main.cpp; sourceTree = "<group>"; };
		DC0461AB1DF6EBA20051C37E /* matrix_generator */ = {isa = PBXFileReference; explicitFileType = "compiled.mach-o.executable"; includeInIndex = 0; path = matrix_generator; sourceTree = BUILT_PRODUCTS_DIR; };
		DC0461AD1DF6EBA20051C37E /* main.cpp */ = {isa = PBXFileReference; lastKnownFileType = sourcecode.cpp.cpp; path = main.cpp; sourceTree = "<group>"; };
		DC0461B61DF6EBC70051C37E /* sequence_generator */ = {isa = PBXFileReference; explicitFileType = "compiled.mach-o.executable"; includeInIndex = 0; path = sequence_generator; sourceTree = BUILT_PRODUCTS_DIR; };
		DC0461C11DF6EBF20051C37E /* quality_measurer */ = {isa = PBXFileReference; explicitFileType = "compiled.mach-o.executable"; includeInIndex = 0; path = quality_measurer; sourceTree = BUILT_PRODUCTS_DIR; };
		DC0461C31DF6EBF20051C37E /* main.cpp */ = {isa = PBXFileReference; lastKnownFileType = sourcecode.cpp.cpp; path = main.cpp; sourceTree = "<group>"; };
		DC0461C81DF6EC990051C37E /* MatrGenOptions.cpp */ = {isa = PBXFileReference; fileEncoding = 4; lastKnownFileType = sourcecode.cpp.cpp; path = MatrGenOptions.cpp; sourceTree = "<group>"; };
		DC0461C91DF6EC990051C37E /* MatrGenOptions.hpp */ = {isa = PBXFileReference; fileEncoding = 4; lastKnownFileType = sourcecode.cpp.h; path = MatrGenOptions.hpp; sourceTree = "<group>"; };
		DC0461D41DF6ECC30051C37E /* FileLoaders.cpp */ = {isa = PBXFileReference; fileEncoding = 4; lastKnownFileType = sourcecode.cpp.cpp; path = FileLoaders.cpp; sourceTree = "<group>"; };
		DC0461D51DF6ECC30051C37E /* FileLoaders.hpp */ = {isa = PBXFileReference; fileEncoding = 4; lastKnownFileType = sourcecode.cpp.h; path = FileLoaders.hpp; sourceTree = "<group>"; };
		DC0461D81DF6ECC30051C37E /* QMeasOptions.cpp */ = {isa = PBXFileReference; fileEncoding = 4; lastKnownFileType = sourcecode.cpp.cpp; path = QMeasOptions.cpp; sourceTree = "<group>"; };
		DC0461D91DF6ECC30051C37E /* QMeasOptions.hpp */ = {isa = PBXFileReference; fileEncoding = 4; lastKnownFileType = sourcecode.cpp.h; path = QMeasOptions.hpp; sourceTree = "<group>"; };
		DC0461DF1DF6ED200051C37E /* N44Matrix.cpp */ = {isa = PBXFileReference; fileEncoding = 4; lastKnownFileType = sourcecode.cpp.cpp; path = N44Matrix.cpp; sourceTree = "<group>"; };
		DC0461E01DF6ED200051C37E /* N44Matrix.hpp */ = {isa = PBXFileReference; fileEncoding = 4; lastKnownFileType = sourcecode.cpp.h; path = N44Matrix.hpp; sourceTree = "<group>"; };
		DC0461E11DF6ED200051C37E /* Optional.hpp */ = {isa = PBXFileReference; fileEncoding = 4; lastKnownFileType = sourcecode.cpp.h; path = Optional.hpp; sourceTree = "<group>"; };
		DC0461EA1DF6EECE0051C37E /* TestSuite */ = {isa = PBXFileReference; explicitFileType = "compiled.mach-o.executable"; includeInIndex = 0; path = TestSuite; sourceTree = BUILT_PRODUCTS_DIR; };
		DC0461EC1DF6EECE0051C37E /* main.cpp */ = {isa = PBXFileReference; lastKnownFileType = sourcecode.cpp.cpp; path = main.cpp; sourceTree = "<group>"; };
		DC0461F11DF6EEFA0051C37E /* N44MatrixTests.cpp */ = {isa = PBXFileReference; fileEncoding = 4; lastKnownFileType = sourcecode.cpp.cpp; path = N44MatrixTests.cpp; sourceTree = "<group>"; };
		DC0461F21DF6EEFA0051C37E /* N44MatrixTests.hpp */ = {isa = PBXFileReference; fileEncoding = 4; lastKnownFileType = sourcecode.cpp.h; path = N44MatrixTests.hpp; sourceTree = "<group>"; };
		DC14042B1E02F31D002F9125 /* main.cpp */ = {isa = PBXFileReference; fileEncoding = 4; lastKnownFileType = sourcecode.cpp.cpp; path = main.cpp; sourceTree = "<group>"; };
		DC1404401E02F440002F9125 /* SeqGenOptions.cpp */ = {isa = PBXFileReference; fileEncoding = 4; lastKnownFileType = sourcecode.cpp.cpp; path = SeqGenOptions.cpp; sourceTree = "<group>"; };
		DC1404411E02F440002F9125 /* SeqGenOptions.hpp */ = {isa = PBXFileReference; fileEncoding = 4; lastKnownFileType = sourcecode.cpp.h; path = SeqGenOptions.hpp; sourceTree = "<group>"; };
		DC1404431E0308B6002F9125 /* ProbMatrixLoader.cpp */ = {isa = PBXFileReference; fileEncoding = 4; lastKnownFileType = sourcecode.cpp.cpp; path = ProbMatrixLoader.cpp; sourceTree = "<group>"; };
		DC1404441E0308B6002F9125 /* ProbMatrixLoader.hpp */ = {isa = PBXFileReference; fileEncoding = 4; lastKnownFileType = sourcecode.cpp.h; path = ProbMatrixLoader.hpp; sourceTree = "<group>"; };
		DC1404491E030F9F002F9125 /* Fasta.cpp */ = {isa = PBXFileReference; fileEncoding = 4; lastKnownFileType = sourcecode.cpp.cpp; path = Fasta.cpp; sourceTree = "<group>"; };
		DC14044A1E030F9F002F9125 /* Fasta.hpp */ = {isa = PBXFileReference; fileEncoding = 4; lastKnownFileType = sourcecode.cpp.h; path = Fasta.hpp; sourceTree = "<group>"; };
		DC7C20931E1FC755000DBEA2 /* GlobalSetup.hpp */ = {isa = PBXFileReference; fileEncoding = 4; lastKnownFileType = sourcecode.cpp.h; path = GlobalSetup.hpp; sourceTree = "<group>"; };
		DCABE2241E2E141A00A121ED /* samtomap */ = {isa = PBXFileReference; explicitFileType = "compiled.mach-o.executable"; includeInIndex = 0; path = samtomap; sourceTree = BUILT_PRODUCTS_DIR; };
		DCABE2261E2E141A00A121ED /* main.cpp */ = {isa = PBXFileReference; lastKnownFileType = sourcecode.cpp.cpp; path = main.cpp; sourceTree = "<group>"; };
		DCABE2441E2FABEB00A121ED /* SamToMapOptions.cpp */ = {isa = PBXFileReference; fileEncoding = 4; lastKnownFileType = sourcecode.cpp.cpp; path = SamToMapOptions.cpp; sourceTree = "<group>"; };
		DCABE2451E2FABEB00A121ED /* SamToMapOptions.hpp */ = {isa = PBXFileReference; fileEncoding = 4; lastKnownFileType = sourcecode.cpp.h; path = SamToMapOptions.hpp; sourceTree = "<group>"; };
		DCF180071DFE21E500818057 /* DnaGenOptions.hpp */ = {isa = PBXFileReference; fileEncoding = 4; lastKnownFileType = sourcecode.cpp.h; path = DnaGenOptions.hpp; sourceTree = "<group>"; };
		DCF180081DFE224800818057 /* DnaGenOptions.cpp */ = {isa = PBXFileReference; fileEncoding = 4; lastKnownFileType = sourcecode.cpp.cpp; path = DnaGenOptions.cpp; sourceTree = "<group>"; };
		E9E0C9D71E0C06BA0078C7D8 /* Measuring.cpp */ = {isa = PBXFileReference; fileEncoding = 4; lastKnownFileType = sourcecode.cpp.cpp; path = Measuring.cpp; sourceTree = "<group>"; };
		E9E0C9D81E0C06BA0078C7D8 /* Measuring.hpp */ = {isa = PBXFileReference; fileEncoding = 4; lastKnownFileType = sourcecode.cpp.h; path = Measuring.hpp; sourceTree = "<group>"; };
		E9E0C9DA1E0D47EE0078C7D8 /* Setup.hpp */ = {isa = PBXFileReference; fileEncoding = 4; lastKnownFileType = sourcecode.cpp.h; path = Setup.hpp; sourceTree = "<group>"; };
/* End PBXFileReference section */

/* Begin PBXFrameworksBuildPhase section */
		DC04619C1DF6E9D30051C37E /* Frameworks */ = {
			isa = PBXFrameworksBuildPhase;
			buildActionMask = 2147483647;
			files = (
			);
			runOnlyForDeploymentPostprocessing = 0;
		};
		DC0461A81DF6EBA20051C37E /* Frameworks */ = {
			isa = PBXFrameworksBuildPhase;
			buildActionMask = 2147483647;
			files = (
			);
			runOnlyForDeploymentPostprocessing = 0;
		};
		DC0461B31DF6EBC70051C37E /* Frameworks */ = {
			isa = PBXFrameworksBuildPhase;
			buildActionMask = 2147483647;
			files = (
			);
			runOnlyForDeploymentPostprocessing = 0;
		};
		DC0461BE1DF6EBF20051C37E /* Frameworks */ = {
			isa = PBXFrameworksBuildPhase;
			buildActionMask = 2147483647;
			files = (
			);
			runOnlyForDeploymentPostprocessing = 0;
		};
		DC0461E71DF6EECE0051C37E /* Frameworks */ = {
			isa = PBXFrameworksBuildPhase;
			buildActionMask = 2147483647;
			files = (
			);
			runOnlyForDeploymentPostprocessing = 0;
		};
		DCABE2211E2E141A00A121ED /* Frameworks */ = {
			isa = PBXFrameworksBuildPhase;
			buildActionMask = 2147483647;
			files = (
			);
			runOnlyForDeploymentPostprocessing = 0;
		};
/* End PBXFrameworksBuildPhase section */

/* Begin PBXGroup section */
		DC0461881DF6E98F0051C37E = {
			isa = PBXGroup;
			children = (
				DC0461A01DF6E9D30051C37E /* genome_generator */,
				DC0461AC1DF6EBA20051C37E /* matrix_generator */,
				DC0461B71DF6EBC70051C37E /* sequence_generator */,
				DC0461C21DF6EBF20051C37E /* quality_measurer */,
				DCABE2251E2E141A00A121ED /* samtomap */,
				DC0461DE1DF6ECF70051C37E /* global */,
				DC0461EB1DF6EECE0051C37E /* TestSuite */,
				DC0461921DF6E98F0051C37E /* Products */,
			);
			sourceTree = "<group>";
		};
		DC0461921DF6E98F0051C37E /* Products */ = {
			isa = PBXGroup;
			children = (
				DC04619F1DF6E9D30051C37E /* genome_generator */,
				DC0461AB1DF6EBA20051C37E /* matrix_generator */,
				DC0461B61DF6EBC70051C37E /* sequence_generator */,
				DC0461C11DF6EBF20051C37E /* quality_measurer */,
				DC0461EA1DF6EECE0051C37E /* TestSuite */,
				DCABE2241E2E141A00A121ED /* samtomap */,
			);
			name = Products;
			sourceTree = "<group>";
		};
		DC0461A01DF6E9D30051C37E /* genome_generator */ = {
			isa = PBXGroup;
			children = (
				DC0461A11DF6E9D30051C37E /* main.cpp */,
				DCF180071DFE21E500818057 /* DnaGenOptions.hpp */,
				DCF180081DFE224800818057 /* DnaGenOptions.cpp */,
			);
			name = genome_generator;
			path = ../sources/genome_generator;
			sourceTree = SOURCE_ROOT;
		};
		DC0461AC1DF6EBA20051C37E /* matrix_generator */ = {
			isa = PBXGroup;
			children = (
				DC0461AD1DF6EBA20051C37E /* main.cpp */,
				DC0461C91DF6EC990051C37E /* MatrGenOptions.hpp */,
				DC0461C81DF6EC990051C37E /* MatrGenOptions.cpp */,
			);
			name = matrix_generator;
			path = ../sources/matrix_generator;
			sourceTree = SOURCE_ROOT;
		};
		DC0461B71DF6EBC70051C37E /* sequence_generator */ = {
			isa = PBXGroup;
			children = (
				DC14042B1E02F31D002F9125 /* main.cpp */,
				DC1404411E02F440002F9125 /* SeqGenOptions.hpp */,
				DC1404401E02F440002F9125 /* SeqGenOptions.cpp */,
				DC1404441E0308B6002F9125 /* ProbMatrixLoader.hpp */,
				DC1404431E0308B6002F9125 /* ProbMatrixLoader.cpp */,
			);
			name = sequence_generator;
			path = ../sources/sequence_generator;
			sourceTree = SOURCE_ROOT;
		};
		DC0461C21DF6EBF20051C37E /* quality_measurer */ = {
			isa = PBXGroup;
			children = (
				DC0461C31DF6EBF20051C37E /* main.cpp */,
				DC0461D91DF6ECC30051C37E /* QMeasOptions.hpp */,
				DC0461D81DF6ECC30051C37E /* QMeasOptions.cpp */,
				DC0461D51DF6ECC30051C37E /* FileLoaders.hpp */,
				DC0461D41DF6ECC30051C37E /* FileLoaders.cpp */,
				E9E0C9D81E0C06BA0078C7D8 /* Measuring.hpp */,
				E9E0C9D71E0C06BA0078C7D8 /* Measuring.cpp */,
				E9E0C9DA1E0D47EE0078C7D8 /* Setup.hpp */,
			);
			name = quality_measurer;
			path = ../sources/quality_measurer;
			sourceTree = SOURCE_ROOT;
		};
		DC0461DE1DF6ECF70051C37E /* global */ = {
			isa = PBXGroup;
			children = (
				DC0461E01DF6ED200051C37E /* N44Matrix.hpp */,
				DC0461DF1DF6ED200051C37E /* N44Matrix.cpp */,
				DC0461E11DF6ED200051C37E /* Optional.hpp */,
				DC14044A1E030F9F002F9125 /* Fasta.hpp */,
				DC1404491E030F9F002F9125 /* Fasta.cpp */,
				DC7C20931E1FC755000DBEA2 /* GlobalSetup.hpp */,
			);
			name = global;
			path = ../sources/global;
			sourceTree = SOURCE_ROOT;
		};
		DC0461EB1DF6EECE0051C37E /* TestSuite */ = {
			isa = PBXGroup;
			children = (
				DC0461EC1DF6EECE0051C37E /* main.cpp */,
				DC0461F21DF6EEFA0051C37E /* N44MatrixTests.hpp */,
				DC0461F11DF6EEFA0051C37E /* N44MatrixTests.cpp */,
			);
			name = TestSuite;
			path = ../sources/TestSuite;
			sourceTree = SOURCE_ROOT;
		};
		DCABE2251E2E141A00A121ED /* samtomap */ = {
			isa = PBXGroup;
			children = (
				DCABE2261E2E141A00A121ED /* main.cpp */,
				DCABE2451E2FABEB00A121ED /* SamToMapOptions.hpp */,
				DCABE2441E2FABEB00A121ED /* SamToMapOptions.cpp */,
			);
			name = samtomap;
			path = ../sources/samtomap;
			sourceTree = SOURCE_ROOT;
		};
/* End PBXGroup section */

/* Begin PBXNativeTarget section */
		DC04619E1DF6E9D30051C37E /* genome_generator */ = {
			isa = PBXNativeTarget;
			buildConfigurationList = DC0461A31DF6E9D30051C37E /* Build configuration list for PBXNativeTarget "genome_generator" */;
			buildPhases = (
				DC04619B1DF6E9D30051C37E /* Sources */,
				DC04619C1DF6E9D30051C37E /* Frameworks */,
				DC04619D1DF6E9D30051C37E /* CopyFiles */,
			);
			buildRules = (
			);
			dependencies = (
			);
			name = genome_generator;
			productName = genome_generator;
			productReference = DC04619F1DF6E9D30051C37E /* genome_generator */;
			productType = "com.apple.product-type.tool";
		};
		DC0461AA1DF6EBA20051C37E /* matrix_generator */ = {
			isa = PBXNativeTarget;
			buildConfigurationList = DC0461AF1DF6EBA20051C37E /* Build configuration list for PBXNativeTarget "matrix_generator" */;
			buildPhases = (
				DC0461A71DF6EBA20051C37E /* Sources */,
				DC0461A81DF6EBA20051C37E /* Frameworks */,
				DC0461A91DF6EBA20051C37E /* CopyFiles */,
			);
			buildRules = (
			);
			dependencies = (
			);
			name = matrix_generator;
			productName = matrix_generator;
			productReference = DC0461AB1DF6EBA20051C37E /* matrix_generator */;
			productType = "com.apple.product-type.tool";
		};
		DC0461B51DF6EBC70051C37E /* sequence_generator */ = {
			isa = PBXNativeTarget;
			buildConfigurationList = DC0461BA1DF6EBC70051C37E /* Build configuration list for PBXNativeTarget "sequence_generator" */;
			buildPhases = (
				DC0461B21DF6EBC70051C37E /* Sources */,
				DC0461B31DF6EBC70051C37E /* Frameworks */,
				DC0461B41DF6EBC70051C37E /* CopyFiles */,
			);
			buildRules = (
			);
			dependencies = (
			);
			name = sequence_generator;
			productName = sequence_generator;
			productReference = DC0461B61DF6EBC70051C37E /* sequence_generator */;
			productType = "com.apple.product-type.tool";
		};
		DC0461C01DF6EBF20051C37E /* quality_measurer */ = {
			isa = PBXNativeTarget;
			buildConfigurationList = DC0461C51DF6EBF20051C37E /* Build configuration list for PBXNativeTarget "quality_measurer" */;
			buildPhases = (
				DC0461BD1DF6EBF20051C37E /* Sources */,
				DC0461BE1DF6EBF20051C37E /* Frameworks */,
				DC0461BF1DF6EBF20051C37E /* CopyFiles */,
			);
			buildRules = (
			);
			dependencies = (
			);
			name = quality_measurer;
			productName = quality_measurer;
			productReference = DC0461C11DF6EBF20051C37E /* quality_measurer */;
			productType = "com.apple.product-type.tool";
		};
		DC0461E91DF6EECE0051C37E /* TestSuite */ = {
			isa = PBXNativeTarget;
			buildConfigurationList = DC0461EE1DF6EECE0051C37E /* Build configuration list for PBXNativeTarget "TestSuite" */;
			buildPhases = (
				DC0461E61DF6EECE0051C37E /* Sources */,
				DC0461E71DF6EECE0051C37E /* Frameworks */,
				DC0461E81DF6EECE0051C37E /* CopyFiles */,
			);
			buildRules = (
			);
			dependencies = (
			);
			name = TestSuite;
			productName = TestSuite;
			productReference = DC0461EA1DF6EECE0051C37E /* TestSuite */;
			productType = "com.apple.product-type.tool";
		};
		DCABE2231E2E141A00A121ED /* samtomap */ = {
			isa = PBXNativeTarget;
			buildConfigurationList = DCABE2281E2E141A00A121ED /* Build configuration list for PBXNativeTarget "samtomap" */;
			buildPhases = (
				DCABE2201E2E141A00A121ED /* Sources */,
				DCABE2211E2E141A00A121ED /* Frameworks */,
				DCABE2221E2E141A00A121ED /* CopyFiles */,
			);
			buildRules = (
			);
			dependencies = (
			);
			name = samtomap;
			productName = samtomap;
			productReference = DCABE2241E2E141A00A121ED /* samtomap */;
			productType = "com.apple.product-type.tool";
		};
/* End PBXNativeTarget section */

/* Begin PBXProject section */
		DC0461891DF6E98F0051C37E /* Project object */ = {
			isa = PBXProject;
			attributes = {
				LastUpgradeCheck = 0820;
				ORGANIZATIONNAME = "";
				TargetAttributes = {
					DC04619E1DF6E9D30051C37E = {
						CreatedOnToolsVersion = 8.1;
						ProvisioningStyle = Automatic;
					};
					DC0461AA1DF6EBA20051C37E = {
						CreatedOnToolsVersion = 8.1;
						ProvisioningStyle = Automatic;
					};
					DC0461B51DF6EBC70051C37E = {
						CreatedOnToolsVersion = 8.1;
						ProvisioningStyle = Automatic;
					};
					DC0461C01DF6EBF20051C37E = {
						CreatedOnToolsVersion = 8.1;
						ProvisioningStyle = Automatic;
					};
					DC0461E91DF6EECE0051C37E = {
						CreatedOnToolsVersion = 8.1;
						ProvisioningStyle = Automatic;
					};
					DCABE2231E2E141A00A121ED = {
						CreatedOnToolsVersion = 8.2.1;
						ProvisioningStyle = Automatic;
					};
				};
			};
			buildConfigurationList = DC04618C1DF6E98F0051C37E /* Build configuration list for PBXProject "Corrector Tester" */;
			compatibilityVersion = "Xcode 3.2";
			developmentRegion = English;
			hasScannedForEncodings = 0;
			knownRegions = (
				en,
			);
			mainGroup = DC0461881DF6E98F0051C37E;
			productRefGroup = DC0461921DF6E98F0051C37E /* Products */;
			projectDirPath = "";
			projectRoot = "";
			targets = (
				DC04619E1DF6E9D30051C37E /* genome_generator */,
				DC0461AA1DF6EBA20051C37E /* matrix_generator */,
				DC0461B51DF6EBC70051C37E /* sequence_generator */,
				DC0461C01DF6EBF20051C37E /* quality_measurer */,
				DCABE2231E2E141A00A121ED /* samtomap */,
				DC0461E91DF6EECE0051C37E /* TestSuite */,
			);
		};
/* End PBXProject section */

/* Begin PBXSourcesBuildPhase section */
		DC04619B1DF6E9D30051C37E /* Sources */ = {
			isa = PBXSourcesBuildPhase;
			buildActionMask = 2147483647;
			files = (
				DC0461A21DF6E9D30051C37E /* main.cpp in Sources */,
				DC0461E21DF6ED200051C37E /* N44Matrix.cpp in Sources */,
				DCF180091DFE224800818057 /* DnaGenOptions.cpp in Sources */,
			);
			runOnlyForDeploymentPostprocessing = 0;
		};
		DC0461A71DF6EBA20051C37E /* Sources */ = {
			isa = PBXSourcesBuildPhase;
			buildActionMask = 2147483647;
			files = (
				DC0461AE1DF6EBA20051C37E /* main.cpp in Sources */,
				DC0461E31DF6ED200051C37E /* N44Matrix.cpp in Sources */,
				DC0461CA1DF6EC990051C37E /* MatrGenOptions.cpp in Sources */,
			);
			runOnlyForDeploymentPostprocessing = 0;
		};
		DC0461B21DF6EBC70051C37E /* Sources */ = {
			isa = PBXSourcesBuildPhase;
			buildActionMask = 2147483647;
			files = (
				DC1404451E0308B6002F9125 /* ProbMatrixLoader.cpp in Sources */,
				DC1404421E02F440002F9125 /* SeqGenOptions.cpp in Sources */,
				DC14044C1E031451002F9125 /* Fasta.cpp in Sources */,
				DC14042C1E02F31D002F9125 /* main.cpp in Sources */,
				DC0461E41DF6ED200051C37E /* N44Matrix.cpp in Sources */,
			);
			runOnlyForDeploymentPostprocessing = 0;
		};
		DC0461BD1DF6EBF20051C37E /* Sources */ = {
			isa = PBXSourcesBuildPhase;
			buildActionMask = 2147483647;
			files = (
				DC0461DC1DF6ECC30051C37E /* QMeasOptions.cpp in Sources */,
				DC14044D1E031466002F9125 /* Fasta.cpp in Sources */,
				DC0461DA1DF6ECC30051C37E /* FileLoaders.cpp in Sources */,
				E9E0C9D91E0C06BA0078C7D8 /* Measuring.cpp in Sources */,
				DC0461E51DF6ED200051C37E /* N44Matrix.cpp in Sources */,
				DC0461C41DF6EBF20051C37E /* main.cpp in Sources */,
			);
			runOnlyForDeploymentPostprocessing = 0;
		};
		DC0461E61DF6EECE0051C37E /* Sources */ = {
			isa = PBXSourcesBuildPhase;
			buildActionMask = 2147483647;
			files = (
				DC0461ED1DF6EECE0051C37E /* main.cpp in Sources */,
				DC0461F41DF87E3B0051C37E /* N44Matrix.cpp in Sources */,
				DC0461F31DF6EEFA0051C37E /* N44MatrixTests.cpp in Sources */,
			);
			runOnlyForDeploymentPostprocessing = 0;
		};
		DCABE2201E2E141A00A121ED /* Sources */ = {
			isa = PBXSourcesBuildPhase;
			buildActionMask = 2147483647;
			files = (
				DCABE2461E2FABEB00A121ED /* SamToMapOptions.cpp in Sources */,
				DCABE2271E2E141A00A121ED /* main.cpp in Sources */,
			);
			runOnlyForDeploymentPostprocessing = 0;
		};
/* End PBXSourcesBuildPhase section */

/* Begin XCBuildConfiguration section */
		DC0461961DF6E98F0051C37E /* Debug */ = {
			isa = XCBuildConfiguration;
			buildSettings = {
				ALWAYS_SEARCH_USER_PATHS = NO;
				CLANG_ANALYZER_NONNULL = YES;
				CLANG_CXX_LANGUAGE_STANDARD = "gnu++0x";
				CLANG_CXX_LIBRARY = "libc++";
				CLANG_ENABLE_MODULES = YES;
				CLANG_ENABLE_OBJC_ARC = YES;
				CLANG_WARN_BOOL_CONVERSION = YES;
				CLANG_WARN_CONSTANT_CONVERSION = YES;
				CLANG_WARN_DIRECT_OBJC_ISA_USAGE = YES_ERROR;
				CLANG_WARN_DOCUMENTATION_COMMENTS = NO;
				CLANG_WARN_EMPTY_BODY = YES;
				CLANG_WARN_ENUM_CONVERSION = YES;
				CLANG_WARN_INFINITE_RECURSION = YES;
				CLANG_WARN_INT_CONVERSION = YES;
				CLANG_WARN_OBJC_ROOT_CLASS = YES_ERROR;
				CLANG_WARN_SUSPICIOUS_MOVE = YES;
				CLANG_WARN_SUSPICIOUS_MOVES = YES;
				CLANG_WARN_UNREACHABLE_CODE = YES;
				CLANG_WARN__DUPLICATE_METHOD_MATCH = YES;
				CODE_SIGN_IDENTITY = "-";
				COPY_PHASE_STRIP = NO;
				DEBUG_INFORMATION_FORMAT = dwarf;
				ENABLE_STRICT_OBJC_MSGSEND = YES;
				ENABLE_TESTABILITY = YES;
				GCC_C_LANGUAGE_STANDARD = gnu99;
				GCC_DYNAMIC_NO_PIC = NO;
				GCC_NO_COMMON_BLOCKS = YES;
				GCC_OPTIMIZATION_LEVEL = 0;
				GCC_PREPROCESSOR_DEFINITIONS = (
					"DEBUG=1",
					"$(inherited)",
				);
				GCC_WARN_64_TO_32_BIT_CONVERSION = YES;
				GCC_WARN_ABOUT_RETURN_TYPE = YES;
				GCC_WARN_UNDECLARED_SELECTOR = YES;
				GCC_WARN_UNINITIALIZED_AUTOS = YES_AGGRESSIVE;
				GCC_WARN_UNUSED_FUNCTION = YES;
				GCC_WARN_UNUSED_VARIABLE = YES;
				HEADER_SEARCH_PATHS = /usr/local/include;
				LIBRARY_SEARCH_PATHS = /usr/local/lib;
				MACOSX_DEPLOYMENT_TARGET = 10.12;
				MTL_ENABLE_DEBUG_INFO = YES;
				ONLY_ACTIVE_ARCH = YES;
				OTHER_LDFLAGS = "-lboost_program_options";
				SDKROOT = macosx;
			};
			name = Debug;
		};
		DC0461971DF6E98F0051C37E /* Release */ = {
			isa = XCBuildConfiguration;
			buildSettings = {
				ALWAYS_SEARCH_USER_PATHS = NO;
				CLANG_ANALYZER_NONNULL = YES;
				CLANG_CXX_LANGUAGE_STANDARD = "gnu++0x";
				CLANG_CXX_LIBRARY = "libc++";
				CLANG_ENABLE_MODULES = YES;
				CLANG_ENABLE_OBJC_ARC = YES;
				CLANG_WARN_BOOL_CONVERSION = YES;
				CLANG_WARN_CONSTANT_CONVERSION = YES;
				CLANG_WARN_DIRECT_OBJC_ISA_USAGE = YES_ERROR;
				CLANG_WARN_DOCUMENTATION_COMMENTS = NO;
				CLANG_WARN_EMPTY_BODY = YES;
				CLANG_WARN_ENUM_CONVERSION = YES;
				CLANG_WARN_INFINITE_RECURSION = YES;
				CLANG_WARN_INT_CONVERSION = YES;
				CLANG_WARN_OBJC_ROOT_CLASS = YES_ERROR;
				CLANG_WARN_SUSPICIOUS_MOVE = YES;
				CLANG_WARN_SUSPICIOUS_MOVES = YES;
				CLANG_WARN_UNREACHABLE_CODE = YES;
				CLANG_WARN__DUPLICATE_METHOD_MATCH = YES;
				CODE_SIGN_IDENTITY = "-";
				COPY_PHASE_STRIP = NO;
				DEBUG_INFORMATION_FORMAT = "dwarf-with-dsym";
				ENABLE_NS_ASSERTIONS = NO;
				ENABLE_STRICT_OBJC_MSGSEND = YES;
				GCC_C_LANGUAGE_STANDARD = gnu99;
				GCC_NO_COMMON_BLOCKS = YES;
				GCC_WARN_64_TO_32_BIT_CONVERSION = YES;
				GCC_WARN_ABOUT_RETURN_TYPE = YES;
				GCC_WARN_UNDECLARED_SELECTOR = YES;
				GCC_WARN_UNINITIALIZED_AUTOS = YES_AGGRESSIVE;
				GCC_WARN_UNUSED_FUNCTION = YES;
				GCC_WARN_UNUSED_VARIABLE = YES;
				HEADER_SEARCH_PATHS = /usr/local/include;
				LIBRARY_SEARCH_PATHS = /usr/local/lib;
				MACOSX_DEPLOYMENT_TARGET = 10.12;
				MTL_ENABLE_DEBUG_INFO = NO;
				OTHER_LDFLAGS = "-lboost_program_options";
				SDKROOT = macosx;
			};
			name = Release;
		};
		DC0461A41DF6E9D30051C37E /* Debug */ = {
			isa = XCBuildConfiguration;
			buildSettings = {
				PRODUCT_NAME = "$(TARGET_NAME)";
			};
			name = Debug;
		};
		DC0461A51DF6E9D30051C37E /* Release */ = {
			isa = XCBuildConfiguration;
			buildSettings = {
				PRODUCT_NAME = "$(TARGET_NAME)";
			};
			name = Release;
		};
		DC0461B01DF6EBA20051C37E /* Debug */ = {
			isa = XCBuildConfiguration;
			buildSettings = {
				PRODUCT_NAME = "$(TARGET_NAME)";
			};
			name = Debug;
		};
		DC0461B11DF6EBA20051C37E /* Release */ = {
			isa = XCBuildConfiguration;
			buildSettings = {
				PRODUCT_NAME = "$(TARGET_NAME)";
			};
			name = Release;
		};
		DC0461BB1DF6EBC70051C37E /* Debug */ = {
			isa = XCBuildConfiguration;
			buildSettings = {
				PRODUCT_NAME = "$(TARGET_NAME)";
			};
			name = Debug;
		};
		DC0461BC1DF6EBC70051C37E /* Release */ = {
			isa = XCBuildConfiguration;
			buildSettings = {
				PRODUCT_NAME = "$(TARGET_NAME)";
			};
			name = Release;
		};
		DC0461C61DF6EBF20051C37E /* Debug */ = {
			isa = XCBuildConfiguration;
			buildSettings = {
				PRODUCT_NAME = "$(TARGET_NAME)";
			};
			name = Debug;
		};
		DC0461C71DF6EBF20051C37E /* Release */ = {
			isa = XCBuildConfiguration;
			buildSettings = {
				PRODUCT_NAME = "$(TARGET_NAME)";
			};
			name = Release;
		};
		DC0461EF1DF6EECE0051C37E /* Debug */ = {
			isa = XCBuildConfiguration;
			buildSettings = {
				LIBRARY_SEARCH_PATHS = /usr/local/lib;
				OTHER_LDFLAGS = "-lcppunit";
				OTHER_LIBTOOLFLAGS = "";
				PRODUCT_NAME = "$(TARGET_NAME)";
			};
			name = Debug;
		};
		DC0461F01DF6EECE0051C37E /* Release */ = {
			isa = XCBuildConfiguration;
			buildSettings = {
				LIBRARY_SEARCH_PATHS = /usr/local/lib;
				OTHER_LDFLAGS = "-lcppunit";
				OTHER_LIBTOOLFLAGS = "";
				PRODUCT_NAME = "$(TARGET_NAME)";
			};
			name = Release;
		};
		DCABE2291E2E141A00A121ED /* Debug */ = {
			isa = XCBuildConfiguration;
			buildSettings = {
				CLANG_WARN_DOCUMENTATION_COMMENTS = YES;
				GCC_WARN_ABOUT_RETURN_TYPE = YES;
				PRODUCT_NAME = "$(TARGET_NAME)";
			};
			name = Debug;
		};
		DCABE22A1E2E141A00A121ED /* Release */ = {
			isa = XCBuildConfiguration;
			buildSettings = {
				CLANG_WARN_DOCUMENTATION_COMMENTS = YES;
				GCC_WARN_ABOUT_RETURN_TYPE = YES;
				PRODUCT_NAME = "$(TARGET_NAME)";
			};
			name = Release;
		};
/* End XCBuildConfiguration section */

/* Begin XCConfigurationList section */
		DC04618C1DF6E98F0051C37E /* Build configuration list for PBXProject "Corrector Tester" */ = {
			isa = XCConfigurationList;
			buildConfigurations = (
				DC0461961DF6E98F0051C37E /* Debug */,
				DC0461971DF6E98F0051C37E /* Release */,
			);
			defaultConfigurationIsVisible = 0;
			defaultConfigurationName = Release;
		};
		DC0461A31DF6E9D30051C37E /* Build configuration list for PBXNativeTarget "genome_generator" */ = {
			isa = XCConfigurationList;
			buildConfigurations = (
				DC0461A41DF6E9D30051C37E /* Debug */,
				DC0461A51DF6E9D30051C37E /* Release */,
			);
			defaultConfigurationIsVisible = 0;
			defaultConfigurationName = Release;
		};
		DC0461AF1DF6EBA20051C37E /* Build configuration list for PBXNativeTarget "matrix_generator" */ = {
			isa = XCConfigurationList;
			buildConfigurations = (
				DC0461B01DF6EBA20051C37E /* Debug */,
				DC0461B11DF6EBA20051C37E /* Release */,
			);
			defaultConfigurationIsVisible = 0;
			defaultConfigurationName = Release;
		};
		DC0461BA1DF6EBC70051C37E /* Build configuration list for PBXNativeTarget "sequence_generator" */ = {
			isa = XCConfigurationList;
			buildConfigurations = (
				DC0461BB1DF6EBC70051C37E /* Debug */,
				DC0461BC1DF6EBC70051C37E /* Release */,
			);
			defaultConfigurationIsVisible = 0;
			defaultConfigurationName = Release;
		};
		DC0461C51DF6EBF20051C37E /* Build configuration list for PBXNativeTarget "quality_measurer" */ = {
			isa = XCConfigurationList;
			buildConfigurations = (
				DC0461C61DF6EBF20051C37E /* Debug */,
				DC0461C71DF6EBF20051C37E /* Release */,
			);
			defaultConfigurationIsVisible = 0;
			defaultConfigurationName = Release;
		};
		DC0461EE1DF6EECE0051C37E /* Build configuration list for PBXNativeTarget "TestSuite" */ = {
			isa = XCConfigurationList;
			buildConfigurations = (
				DC0461EF1DF6EECE0051C37E /* Debug */,
				DC0461F01DF6EECE0051C37E /* Release */,
			);
			defaultConfigurationIsVisible = 0;
			defaultConfigurationName = Release;
		};
		DCABE2281E2E141A00A121ED /* Build configuration list for PBXNativeTarget "samtomap" */ = {
			isa = XCConfigurationList;
			buildConfigurations = (
				DCABE2291E2E141A00A121ED /* Debug */,
				DCABE22A1E2E141A00A121ED /* Release */,
			);
			defaultConfigurationIsVisible = 0;
			defaultConfigurationName = Release;
		};
/* End XCConfigurationList section */
	};
	rootObject = DC0461891DF6E98F0051C37E /* Project object */;
}
